// !$*UTF8*$!
{
	archiveVersion = 1;
	classes = {
	};
	objectVersion = 55;
	objects = {

/* Begin PBXBuildFile section */
		9A0208E3281881CF007B47CE /* AppDelegate.swift in Sources */ = {isa = PBXBuildFile; fileRef = 9A0208E2281881CF007B47CE /* AppDelegate.swift */; };
		9A0208E5281881CF007B47CE /* SceneDelegate.swift in Sources */ = {isa = PBXBuildFile; fileRef = 9A0208E4281881CF007B47CE /* SceneDelegate.swift */; };
		9A0208E7281881CF007B47CE /* ViewController.swift in Sources */ = {isa = PBXBuildFile; fileRef = 9A0208E6281881CF007B47CE /* ViewController.swift */; };
		9A0208EA281881CF007B47CE /* Main.storyboard in Resources */ = {isa = PBXBuildFile; fileRef = 9A0208E8281881CF007B47CE /* Main.storyboard */; };
		9A0208EC281881D0007B47CE /* Assets.xcassets in Resources */ = {isa = PBXBuildFile; fileRef = 9A0208EB281881D0007B47CE /* Assets.xcassets */; };
		9A0208EF281881D0007B47CE /* LaunchScreen.storyboard in Resources */ = {isa = PBXBuildFile; fileRef = 9A0208ED281881D0007B47CE /* LaunchScreen.storyboard */; };
		9A0208FA281881D0007B47CE /* MiniBootcampTests.swift in Sources */ = {isa = PBXBuildFile; fileRef = 9A0208F9281881D0007B47CE /* MiniBootcampTests.swift */; };
		9A020904281881D0007B47CE /* MiniBootcampUITests.swift in Sources */ = {isa = PBXBuildFile; fileRef = 9A020903281881D0007B47CE /* MiniBootcampUITests.swift */; };
		9A020906281881D0007B47CE /* MiniBootcampUITestsLaunchTests.swift in Sources */ = {isa = PBXBuildFile; fileRef = 9A020905281881D0007B47CE /* MiniBootcampUITestsLaunchTests.swift */; };
/* End PBXBuildFile section */

/* Begin PBXContainerItemProxy section */
		9A0208F6281881D0007B47CE /* PBXContainerItemProxy */ = {
			isa = PBXContainerItemProxy;
			containerPortal = 9A0208D7281881CF007B47CE /* Project object */;
			proxyType = 1;
			remoteGlobalIDString = 9A0208DE281881CF007B47CE;
			remoteInfo = MiniBootcamp;
		};
		9A020900281881D0007B47CE /* PBXContainerItemProxy */ = {
			isa = PBXContainerItemProxy;
			containerPortal = 9A0208D7281881CF007B47CE /* Project object */;
			proxyType = 1;
			remoteGlobalIDString = 9A0208DE281881CF007B47CE;
			remoteInfo = MiniBootcamp;
		};
/* End PBXContainerItemProxy section */

/* Begin PBXFileReference section */
		9A0208DF281881CF007B47CE /* MiniBootcamp.app */ = {isa = PBXFileReference; explicitFileType = wrapper.application; includeInIndex = 0; path = MiniBootcamp.app; sourceTree = BUILT_PRODUCTS_DIR; };
		9A0208E2281881CF007B47CE /* AppDelegate.swift */ = {isa = PBXFileReference; lastKnownFileType = sourcecode.swift; path = AppDelegate.swift; sourceTree = "<group>"; };
		9A0208E4281881CF007B47CE /* SceneDelegate.swift */ = {isa = PBXFileReference; lastKnownFileType = sourcecode.swift; path = SceneDelegate.swift; sourceTree = "<group>"; };
		9A0208E6281881CF007B47CE /* ViewController.swift */ = {isa = PBXFileReference; lastKnownFileType = sourcecode.swift; path = ViewController.swift; sourceTree = "<group>"; };
		9A0208E9281881CF007B47CE /* Base */ = {isa = PBXFileReference; lastKnownFileType = file.storyboard; name = Base; path = Base.lproj/Main.storyboard; sourceTree = "<group>"; };
		9A0208EB281881D0007B47CE /* Assets.xcassets */ = {isa = PBXFileReference; lastKnownFileType = folder.assetcatalog; path = Assets.xcassets; sourceTree = "<group>"; };
		9A0208EE281881D0007B47CE /* Base */ = {isa = PBXFileReference; lastKnownFileType = file.storyboard; name = Base; path = Base.lproj/LaunchScreen.storyboard; sourceTree = "<group>"; };
		9A0208F0281881D0007B47CE /* Info.plist */ = {isa = PBXFileReference; lastKnownFileType = text.plist.xml; path = Info.plist; sourceTree = "<group>"; };
		9A0208F5281881D0007B47CE /* MiniBootcampTests.xctest */ = {isa = PBXFileReference; explicitFileType = wrapper.cfbundle; includeInIndex = 0; path = MiniBootcampTests.xctest; sourceTree = BUILT_PRODUCTS_DIR; };
		9A0208F9281881D0007B47CE /* MiniBootcampTests.swift */ = {isa = PBXFileReference; lastKnownFileType = sourcecode.swift; path = MiniBootcampTests.swift; sourceTree = "<group>"; };
		9A0208FF281881D0007B47CE /* MiniBootcampUITests.xctest */ = {isa = PBXFileReference; explicitFileType = wrapper.cfbundle; includeInIndex = 0; path = MiniBootcampUITests.xctest; sourceTree = BUILT_PRODUCTS_DIR; };
		9A020903281881D0007B47CE /* MiniBootcampUITests.swift */ = {isa = PBXFileReference; lastKnownFileType = sourcecode.swift; path = MiniBootcampUITests.swift; sourceTree = "<group>"; };
		9A020905281881D0007B47CE /* MiniBootcampUITestsLaunchTests.swift */ = {isa = PBXFileReference; lastKnownFileType = sourcecode.swift; path = MiniBootcampUITestsLaunchTests.swift; sourceTree = "<group>"; };
/* End PBXFileReference section */

/* Begin PBXFrameworksBuildPhase section */
		9A0208DC281881CF007B47CE /* Frameworks */ = {
			isa = PBXFrameworksBuildPhase;
			buildActionMask = 2147483647;
			files = (
			);
			runOnlyForDeploymentPostprocessing = 0;
		};
		9A0208F2281881D0007B47CE /* Frameworks */ = {
			isa = PBXFrameworksBuildPhase;
			buildActionMask = 2147483647;
			files = (
			);
			runOnlyForDeploymentPostprocessing = 0;
		};
		9A0208FC281881D0007B47CE /* Frameworks */ = {
			isa = PBXFrameworksBuildPhase;
			buildActionMask = 2147483647;
			files = (
			);
			runOnlyForDeploymentPostprocessing = 0;
		};
/* End PBXFrameworksBuildPhase section */

/* Begin PBXGroup section */
		9A0208D6281881CF007B47CE = {
			isa = PBXGroup;
			children = (
				9A0208E1281881CF007B47CE /* MiniBootcamp */,
				9A0208F8281881D0007B47CE /* MiniBootcampTests */,
				9A020902281881D0007B47CE /* MiniBootcampUITests */,
				9A0208E0281881CF007B47CE /* Products */,
			);
			sourceTree = "<group>";
		};
		9A0208E0281881CF007B47CE /* Products */ = {
			isa = PBXGroup;
			children = (
				9A0208DF281881CF007B47CE /* MiniBootcamp.app */,
				9A0208F5281881D0007B47CE /* MiniBootcampTests.xctest */,
				9A0208FF281881D0007B47CE /* MiniBootcampUITests.xctest */,
			);
			name = Products;
			sourceTree = "<group>";
		};
		9A0208E1281881CF007B47CE /* MiniBootcamp */ = {
			isa = PBXGroup;
			children = (
				9A0208E2281881CF007B47CE /* AppDelegate.swift */,
				9A0208E4281881CF007B47CE /* SceneDelegate.swift */,
				9A0208E6281881CF007B47CE /* ViewController.swift */,
				9A0208E8281881CF007B47CE /* Main.storyboard */,
				9A0208EB281881D0007B47CE /* Assets.xcassets */,
				9A0208ED281881D0007B47CE /* LaunchScreen.storyboard */,
				9A0208F0281881D0007B47CE /* Info.plist */,
			);
			path = MiniBootcamp;
			sourceTree = "<group>";
		};
		9A0208F8281881D0007B47CE /* MiniBootcampTests */ = {
			isa = PBXGroup;
			children = (
				9A0208F9281881D0007B47CE /* MiniBootcampTests.swift */,
			);
			path = MiniBootcampTests;
			sourceTree = "<group>";
		};
		9A020902281881D0007B47CE /* MiniBootcampUITests */ = {
			isa = PBXGroup;
			children = (
				9A020903281881D0007B47CE /* MiniBootcampUITests.swift */,
				9A020905281881D0007B47CE /* MiniBootcampUITestsLaunchTests.swift */,
			);
			path = MiniBootcampUITests;
			sourceTree = "<group>";
		};
/* End PBXGroup section */

/* Begin PBXNativeTarget section */
		9A0208DE281881CF007B47CE /* MiniBootcamp */ = {
			isa = PBXNativeTarget;
			buildConfigurationList = 9A020909281881D0007B47CE /* Build configuration list for PBXNativeTarget "MiniBootcamp" */;
			buildPhases = (
				9A0208DB281881CF007B47CE /* Sources */,
				9A0208DC281881CF007B47CE /* Frameworks */,
				9A0208DD281881CF007B47CE /* Resources */,
			);
			buildRules = (
			);
			dependencies = (
			);
			name = MiniBootcamp;
			productName = MiniBootcamp;
			productReference = 9A0208DF281881CF007B47CE /* MiniBootcamp.app */;
			productType = "com.apple.product-type.application";
		};
		9A0208F4281881D0007B47CE /* MiniBootcampTests */ = {
			isa = PBXNativeTarget;
			buildConfigurationList = 9A02090C281881D0007B47CE /* Build configuration list for PBXNativeTarget "MiniBootcampTests" */;
			buildPhases = (
				9A0208F1281881D0007B47CE /* Sources */,
				9A0208F2281881D0007B47CE /* Frameworks */,
				9A0208F3281881D0007B47CE /* Resources */,
			);
			buildRules = (
			);
			dependencies = (
				9A0208F7281881D0007B47CE /* PBXTargetDependency */,
			);
			name = MiniBootcampTests;
			productName = MiniBootcampTests;
			productReference = 9A0208F5281881D0007B47CE /* MiniBootcampTests.xctest */;
			productType = "com.apple.product-type.bundle.unit-test";
		};
		9A0208FE281881D0007B47CE /* MiniBootcampUITests */ = {
			isa = PBXNativeTarget;
			buildConfigurationList = 9A02090F281881D0007B47CE /* Build configuration list for PBXNativeTarget "MiniBootcampUITests" */;
			buildPhases = (
				9A0208FB281881D0007B47CE /* Sources */,
				9A0208FC281881D0007B47CE /* Frameworks */,
				9A0208FD281881D0007B47CE /* Resources */,
			);
			buildRules = (
			);
			dependencies = (
				9A020901281881D0007B47CE /* PBXTargetDependency */,
			);
			name = MiniBootcampUITests;
			productName = MiniBootcampUITests;
			productReference = 9A0208FF281881D0007B47CE /* MiniBootcampUITests.xctest */;
			productType = "com.apple.product-type.bundle.ui-testing";
		};
/* End PBXNativeTarget section */

/* Begin PBXProject section */
		9A0208D7281881CF007B47CE /* Project object */ = {
			isa = PBXProject;
			attributes = {
				BuildIndependentTargetsInParallel = 1;
				LastSwiftUpdateCheck = 1320;
				LastUpgradeCheck = 1320;
				TargetAttributes = {
					9A0208DE281881CF007B47CE = {
						CreatedOnToolsVersion = 13.2.1;
					};
					9A0208F4281881D0007B47CE = {
						CreatedOnToolsVersion = 13.2.1;
						TestTargetID = 9A0208DE281881CF007B47CE;
					};
					9A0208FE281881D0007B47CE = {
						CreatedOnToolsVersion = 13.2.1;
						TestTargetID = 9A0208DE281881CF007B47CE;
					};
				};
			};
			buildConfigurationList = 9A0208DA281881CF007B47CE /* Build configuration list for PBXProject "MiniBootcamp" */;
			compatibilityVersion = "Xcode 13.0";
			developmentRegion = en;
			hasScannedForEncodings = 0;
			knownRegions = (
				en,
				Base,
			);
			mainGroup = 9A0208D6281881CF007B47CE;
			productRefGroup = 9A0208E0281881CF007B47CE /* Products */;
			projectDirPath = "";
			projectRoot = "";
			targets = (
				9A0208DE281881CF007B47CE /* MiniBootcamp */,
				9A0208F4281881D0007B47CE /* MiniBootcampTests */,
				9A0208FE281881D0007B47CE /* MiniBootcampUITests */,
			);
		};
/* End PBXProject section */

/* Begin PBXResourcesBuildPhase section */
		9A0208DD281881CF007B47CE /* Resources */ = {
			isa = PBXResourcesBuildPhase;
			buildActionMask = 2147483647;
			files = (
				9A0208EF281881D0007B47CE /* LaunchScreen.storyboard in Resources */,
				9A0208EC281881D0007B47CE /* Assets.xcassets in Resources */,
				9A0208EA281881CF007B47CE /* Main.storyboard in Resources */,
			);
			runOnlyForDeploymentPostprocessing = 0;
		};
		9A0208F3281881D0007B47CE /* Resources */ = {
			isa = PBXResourcesBuildPhase;
			buildActionMask = 2147483647;
			files = (
			);
			runOnlyForDeploymentPostprocessing = 0;
		};
		9A0208FD281881D0007B47CE /* Resources */ = {
			isa = PBXResourcesBuildPhase;
			buildActionMask = 2147483647;
			files = (
			);
			runOnlyForDeploymentPostprocessing = 0;
		};
/* End PBXResourcesBuildPhase section */

/* Begin PBXSourcesBuildPhase section */
		9A0208DB281881CF007B47CE /* Sources */ = {
			isa = PBXSourcesBuildPhase;
			buildActionMask = 2147483647;
			files = (
				9A0208E7281881CF007B47CE /* ViewController.swift in Sources */,
				9A0208E3281881CF007B47CE /* AppDelegate.swift in Sources */,
				9A0208E5281881CF007B47CE /* SceneDelegate.swift in Sources */,
			);
			runOnlyForDeploymentPostprocessing = 0;
		};
		9A0208F1281881D0007B47CE /* Sources */ = {
			isa = PBXSourcesBuildPhase;
			buildActionMask = 2147483647;
			files = (
				9A0208FA281881D0007B47CE /* MiniBootcampTests.swift in Sources */,
			);
			runOnlyForDeploymentPostprocessing = 0;
		};
		9A0208FB281881D0007B47CE /* Sources */ = {
			isa = PBXSourcesBuildPhase;
			buildActionMask = 2147483647;
			files = (
				9A020906281881D0007B47CE /* MiniBootcampUITestsLaunchTests.swift in Sources */,
				9A020904281881D0007B47CE /* MiniBootcampUITests.swift in Sources */,
			);
			runOnlyForDeploymentPostprocessing = 0;
		};
/* End PBXSourcesBuildPhase section */

/* Begin PBXTargetDependency section */
		9A0208F7281881D0007B47CE /* PBXTargetDependency */ = {
			isa = PBXTargetDependency;
			target = 9A0208DE281881CF007B47CE /* MiniBootcamp */;
			targetProxy = 9A0208F6281881D0007B47CE /* PBXContainerItemProxy */;
		};
		9A020901281881D0007B47CE /* PBXTargetDependency */ = {
			isa = PBXTargetDependency;
			target = 9A0208DE281881CF007B47CE /* MiniBootcamp */;
			targetProxy = 9A020900281881D0007B47CE /* PBXContainerItemProxy */;
		};
/* End PBXTargetDependency section */

/* Begin PBXVariantGroup section */
		9A0208E8281881CF007B47CE /* Main.storyboard */ = {
			isa = PBXVariantGroup;
			children = (
				9A0208E9281881CF007B47CE /* Base */,
			);
			name = Main.storyboard;
			sourceTree = "<group>";
		};
		9A0208ED281881D0007B47CE /* LaunchScreen.storyboard */ = {
			isa = PBXVariantGroup;
			children = (
				9A0208EE281881D0007B47CE /* Base */,
			);
			name = LaunchScreen.storyboard;
			sourceTree = "<group>";
		};
/* End PBXVariantGroup section */

/* Begin XCBuildConfiguration section */
		9A020907281881D0007B47CE /* Debug */ = {
			isa = XCBuildConfiguration;
			buildSettings = {
				ALWAYS_SEARCH_USER_PATHS = NO;
				CLANG_ANALYZER_NONNULL = YES;
				CLANG_ANALYZER_NUMBER_OBJECT_CONVERSION = YES_AGGRESSIVE;
				CLANG_CXX_LANGUAGE_STANDARD = "gnu++17";
				CLANG_CXX_LIBRARY = "libc++";
				CLANG_ENABLE_MODULES = YES;
				CLANG_ENABLE_OBJC_ARC = YES;
				CLANG_ENABLE_OBJC_WEAK = YES;
				CLANG_WARN_BLOCK_CAPTURE_AUTORELEASING = YES;
				CLANG_WARN_BOOL_CONVERSION = YES;
				CLANG_WARN_COMMA = YES;
				CLANG_WARN_CONSTANT_CONVERSION = YES;
				CLANG_WARN_DEPRECATED_OBJC_IMPLEMENTATIONS = YES;
				CLANG_WARN_DIRECT_OBJC_ISA_USAGE = YES_ERROR;
				CLANG_WARN_DOCUMENTATION_COMMENTS = YES;
				CLANG_WARN_EMPTY_BODY = YES;
				CLANG_WARN_ENUM_CONVERSION = YES;
				CLANG_WARN_INFINITE_RECURSION = YES;
				CLANG_WARN_INT_CONVERSION = YES;
				CLANG_WARN_NON_LITERAL_NULL_CONVERSION = YES;
				CLANG_WARN_OBJC_IMPLICIT_RETAIN_SELF = YES;
				CLANG_WARN_OBJC_LITERAL_CONVERSION = YES;
				CLANG_WARN_OBJC_ROOT_CLASS = YES_ERROR;
				CLANG_WARN_QUOTED_INCLUDE_IN_FRAMEWORK_HEADER = YES;
				CLANG_WARN_RANGE_LOOP_ANALYSIS = YES;
				CLANG_WARN_STRICT_PROTOTYPES = YES;
				CLANG_WARN_SUSPICIOUS_MOVE = YES;
				CLANG_WARN_UNGUARDED_AVAILABILITY = YES_AGGRESSIVE;
				CLANG_WARN_UNREACHABLE_CODE = YES;
				CLANG_WARN__DUPLICATE_METHOD_MATCH = YES;
				COPY_PHASE_STRIP = NO;
				DEBUG_INFORMATION_FORMAT = dwarf;
				ENABLE_STRICT_OBJC_MSGSEND = YES;
				ENABLE_TESTABILITY = YES;
				GCC_C_LANGUAGE_STANDARD = gnu11;
				GCC_DYNAMIC_NO_PIC = NO;
				GCC_NO_COMMON_BLOCKS = YES;
				GCC_OPTIMIZATION_LEVEL = 0;
				GCC_PREPROCESSOR_DEFINITIONS = (
					"DEBUG=1",
					"$(inherited)",
				);
				GCC_WARN_64_TO_32_BIT_CONVERSION = YES;
				GCC_WARN_ABOUT_RETURN_TYPE = YES_ERROR;
				GCC_WARN_UNDECLARED_SELECTOR = YES;
				GCC_WARN_UNINITIALIZED_AUTOS = YES_AGGRESSIVE;
				GCC_WARN_UNUSED_FUNCTION = YES;
				GCC_WARN_UNUSED_VARIABLE = YES;
				IPHONEOS_DEPLOYMENT_TARGET = 15.2;
				MTL_ENABLE_DEBUG_INFO = INCLUDE_SOURCE;
				MTL_FAST_MATH = YES;
				ONLY_ACTIVE_ARCH = YES;
				SDKROOT = iphoneos;
				SWIFT_ACTIVE_COMPILATION_CONDITIONS = DEBUG;
				SWIFT_OPTIMIZATION_LEVEL = "-Onone";
			};
			name = Debug;
		};
		9A020908281881D0007B47CE /* Release */ = {
			isa = XCBuildConfiguration;
			buildSettings = {
				ALWAYS_SEARCH_USER_PATHS = NO;
				CLANG_ANALYZER_NONNULL = YES;
				CLANG_ANALYZER_NUMBER_OBJECT_CONVERSION = YES_AGGRESSIVE;
				CLANG_CXX_LANGUAGE_STANDARD = "gnu++17";
				CLANG_CXX_LIBRARY = "libc++";
				CLANG_ENABLE_MODULES = YES;
				CLANG_ENABLE_OBJC_ARC = YES;
				CLANG_ENABLE_OBJC_WEAK = YES;
				CLANG_WARN_BLOCK_CAPTURE_AUTORELEASING = YES;
				CLANG_WARN_BOOL_CONVERSION = YES;
				CLANG_WARN_COMMA = YES;
				CLANG_WARN_CONSTANT_CONVERSION = YES;
				CLANG_WARN_DEPRECATED_OBJC_IMPLEMENTATIONS = YES;
				CLANG_WARN_DIRECT_OBJC_ISA_USAGE = YES_ERROR;
				CLANG_WARN_DOCUMENTATION_COMMENTS = YES;
				CLANG_WARN_EMPTY_BODY = YES;
				CLANG_WARN_ENUM_CONVERSION = YES;
				CLANG_WARN_INFINITE_RECURSION = YES;
				CLANG_WARN_INT_CONVERSION = YES;
				CLANG_WARN_NON_LITERAL_NULL_CONVERSION = YES;
				CLANG_WARN_OBJC_IMPLICIT_RETAIN_SELF = YES;
				CLANG_WARN_OBJC_LITERAL_CONVERSION = YES;
				CLANG_WARN_OBJC_ROOT_CLASS = YES_ERROR;
				CLANG_WARN_QUOTED_INCLUDE_IN_FRAMEWORK_HEADER = YES;
				CLANG_WARN_RANGE_LOOP_ANALYSIS = YES;
				CLANG_WARN_STRICT_PROTOTYPES = YES;
				CLANG_WARN_SUSPICIOUS_MOVE = YES;
				CLANG_WARN_UNGUARDED_AVAILABILITY = YES_AGGRESSIVE;
				CLANG_WARN_UNREACHABLE_CODE = YES;
				CLANG_WARN__DUPLICATE_METHOD_MATCH = YES;
				COPY_PHASE_STRIP = NO;
				DEBUG_INFORMATION_FORMAT = "dwarf-with-dsym";
				ENABLE_NS_ASSERTIONS = NO;
				ENABLE_STRICT_OBJC_MSGSEND = YES;
				GCC_C_LANGUAGE_STANDARD = gnu11;
				GCC_NO_COMMON_BLOCKS = YES;
				GCC_WARN_64_TO_32_BIT_CONVERSION = YES;
				GCC_WARN_ABOUT_RETURN_TYPE = YES_ERROR;
				GCC_WARN_UNDECLARED_SELECTOR = YES;
				GCC_WARN_UNINITIALIZED_AUTOS = YES_AGGRESSIVE;
				GCC_WARN_UNUSED_FUNCTION = YES;
				GCC_WARN_UNUSED_VARIABLE = YES;
				IPHONEOS_DEPLOYMENT_TARGET = 15.2;
				MTL_ENABLE_DEBUG_INFO = NO;
				MTL_FAST_MATH = YES;
				SDKROOT = iphoneos;
				SWIFT_COMPILATION_MODE = wholemodule;
				SWIFT_OPTIMIZATION_LEVEL = "-O";
				VALIDATE_PRODUCT = YES;
			};
			name = Release;
		};
		9A02090A281881D0007B47CE /* Debug */ = {
			isa = XCBuildConfiguration;
			buildSettings = {
				ASSETCATALOG_COMPILER_APPICON_NAME = AppIcon;
				ASSETCATALOG_COMPILER_GLOBAL_ACCENT_COLOR_NAME = AccentColor;
				CODE_SIGN_STYLE = Automatic;
				CURRENT_PROJECT_VERSION = 1;
				GENERATE_INFOPLIST_FILE = YES;
				INFOPLIST_FILE = MiniBootcamp/Info.plist;
				INFOPLIST_KEY_UIApplicationSupportsIndirectInputEvents = YES;
				INFOPLIST_KEY_UILaunchStoryboardName = LaunchScreen;
				INFOPLIST_KEY_UIMainStoryboardFile = Main;
				INFOPLIST_KEY_UISupportedInterfaceOrientations_iPad = "UIInterfaceOrientationPortrait UIInterfaceOrientationPortraitUpsideDown UIInterfaceOrientationLandscapeLeft UIInterfaceOrientationLandscapeRight";
				INFOPLIST_KEY_UISupportedInterfaceOrientations_iPhone = "UIInterfaceOrientationPortrait UIInterfaceOrientationLandscapeLeft UIInterfaceOrientationLandscapeRight";
				LD_RUNPATH_SEARCH_PATHS = (
					"$(inherited)",
					"@executable_path/Frameworks",
				);
				MARKETING_VERSION = 1.0;
				PRODUCT_BUNDLE_IDENTIFIER = abner.MiniBootcamp;
				PRODUCT_NAME = "$(TARGET_NAME)";
				SWIFT_EMIT_LOC_STRINGS = YES;
				SWIFT_VERSION = 5.0;
				TARGETED_DEVICE_FAMILY = "1,2";
			};
			name = Debug;
		};
		9A02090B281881D0007B47CE /* Release */ = {
			isa = XCBuildConfiguration;
			buildSettings = {
				ASSETCATALOG_COMPILER_APPICON_NAME = AppIcon;
				ASSETCATALOG_COMPILER_GLOBAL_ACCENT_COLOR_NAME = AccentColor;
				CODE_SIGN_STYLE = Automatic;
				CURRENT_PROJECT_VERSION = 1;
				GENERATE_INFOPLIST_FILE = YES;
				INFOPLIST_FILE = MiniBootcamp/Info.plist;
				INFOPLIST_KEY_UIApplicationSupportsIndirectInputEvents = YES;
				INFOPLIST_KEY_UILaunchStoryboardName = LaunchScreen;
				INFOPLIST_KEY_UIMainStoryboardFile = Main;
				INFOPLIST_KEY_UISupportedInterfaceOrientations_iPad = "UIInterfaceOrientationPortrait UIInterfaceOrientationPortraitUpsideDown UIInterfaceOrientationLandscapeLeft UIInterfaceOrientationLandscapeRight";
				INFOPLIST_KEY_UISupportedInterfaceOrientations_iPhone = "UIInterfaceOrientationPortrait UIInterfaceOrientationLandscapeLeft UIInterfaceOrientationLandscapeRight";
				LD_RUNPATH_SEARCH_PATHS = (
					"$(inherited)",
					"@executable_path/Frameworks",
				);
				MARKETING_VERSION = 1.0;
				PRODUCT_BUNDLE_IDENTIFIER = abner.MiniBootcamp;
				PRODUCT_NAME = "$(TARGET_NAME)";
				SWIFT_EMIT_LOC_STRINGS = YES;
				SWIFT_VERSION = 5.0;
				TARGETED_DEVICE_FAMILY = "1,2";
			};
			name = Release;
		};
		9A02090D281881D0007B47CE /* Debug */ = {
			isa = XCBuildConfiguration;
			buildSettings = {
				ALWAYS_EMBED_SWIFT_STANDARD_LIBRARIES = YES;
				BUNDLE_LOADER = "$(TEST_HOST)";
				CODE_SIGN_STYLE = Automatic;
				CURRENT_PROJECT_VERSION = 1;
				GENERATE_INFOPLIST_FILE = YES;
				IPHONEOS_DEPLOYMENT_TARGET = 15.2;
				MARKETING_VERSION = 1.0;
				PRODUCT_BUNDLE_IDENTIFIER = abner.MiniBootcampTests;
				PRODUCT_NAME = "$(TARGET_NAME)";
				SWIFT_EMIT_LOC_STRINGS = NO;
				SWIFT_VERSION = 5.0;
				TARGETED_DEVICE_FAMILY = "1,2";
				TEST_HOST = "$(BUILT_PRODUCTS_DIR)/MiniBootcamp.app/MiniBootcamp";
			};
			name = Debug;
		};
		9A02090E281881D0007B47CE /* Release */ = {
			isa = XCBuildConfiguration;
			buildSettings = {
				ALWAYS_EMBED_SWIFT_STANDARD_LIBRARIES = YES;
				BUNDLE_LOADER = "$(TEST_HOST)";
				CODE_SIGN_STYLE = Automatic;
				CURRENT_PROJECT_VERSION = 1;
				GENERATE_INFOPLIST_FILE = YES;
				IPHONEOS_DEPLOYMENT_TARGET = 15.2;
				MARKETING_VERSION = 1.0;
				PRODUCT_BUNDLE_IDENTIFIER = abner.MiniBootcampTests;
				PRODUCT_NAME = "$(TARGET_NAME)";
				SWIFT_EMIT_LOC_STRINGS = NO;
				SWIFT_VERSION = 5.0;
				TARGETED_DEVICE_FAMILY = "1,2";
				TEST_HOST = "$(BUILT_PRODUCTS_DIR)/MiniBootcamp.app/MiniBootcamp";
			};
			name = Release;
		};
		9A020910281881D0007B47CE /* Debug */ = {
			isa = XCBuildConfiguration;
			buildSettings = {
				ALWAYS_EMBED_SWIFT_STANDARD_LIBRARIES = YES;
				CODE_SIGN_STYLE = Automatic;
				CURRENT_PROJECT_VERSION = 1;
				GENERATE_INFOPLIST_FILE = YES;
				MARKETING_VERSION = 1.0;
				PRODUCT_BUNDLE_IDENTIFIER = abner.MiniBootcampUITests;
				PRODUCT_NAME = "$(TARGET_NAME)";
				SWIFT_EMIT_LOC_STRINGS = NO;
				SWIFT_VERSION = 5.0;
				TARGETED_DEVICE_FAMILY = "1,2";
				TEST_TARGET_NAME = MiniBootcamp;
			};
			name = Debug;
		};
		9A020911281881D0007B47CE /* Release */ = {
			isa = XCBuildConfiguration;
			buildSettings = {
				ALWAYS_EMBED_SWIFT_STANDARD_LIBRARIES = YES;
				CODE_SIGN_STYLE = Automatic;
				CURRENT_PROJECT_VERSION = 1;
				GENERATE_INFOPLIST_FILE = YES;
				MARKETING_VERSION = 1.0;
				PRODUCT_BUNDLE_IDENTIFIER = abner.MiniBootcampUITests;
				PRODUCT_NAME = "$(TARGET_NAME)";
				SWIFT_EMIT_LOC_STRINGS = NO;
				SWIFT_VERSION = 5.0;
				TARGETED_DEVICE_FAMILY = "1,2";
				TEST_TARGET_NAME = MiniBootcamp;
			};
			name = Release;
		};
/* End XCBuildConfiguration section */

/* Begin XCConfigurationList section */
		9A0208DA281881CF007B47CE /* Build configuration list for PBXProject "MiniBootcamp" */ = {
			isa = XCConfigurationList;
			buildConfigurations = (
				9A020907281881D0007B47CE /* Debug */,
				9A020908281881D0007B47CE /* Release */,
			);
			defaultConfigurationIsVisible = 0;
			defaultConfigurationName = Release;
		};
		9A020909281881D0007B47CE /* Build configuration list for PBXNativeTarget "MiniBootcamp" */ = {
			isa = XCConfigurationList;
			buildConfigurations = (
				9A02090A281881D0007B47CE /* Debug */,
				9A02090B281881D0007B47CE /* Release */,
			);
			defaultConfigurationIsVisible = 0;
			defaultConfigurationName = Release;
		};
		9A02090C281881D0007B47CE /* Build configuration list for PBXNativeTarget "MiniBootcampTests" */ = {
			isa = XCConfigurationList;
			buildConfigurations = (
				9A02090D281881D0007B47CE /* Debug */,
				9A02090E281881D0007B47CE /* Release */,
			);
			defaultConfigurationIsVisible = 0;
			defaultConfigurationName = Release;
		};
		9A02090F281881D0007B47CE /* Build configuration list for PBXNativeTarget "MiniBootcampUITests" */ = {
			isa = XCConfigurationList;
			buildConfigurations = (
				9A020910281881D0007B47CE /* Debug */,
				9A020911281881D0007B47CE /* Release */,
			);
			defaultConfigurationIsVisible = 0;
			defaultConfigurationName = Release;
		};
/* End XCConfigurationList section */
	};
	rootObject = 9A0208D7281881CF007B47CE /* Project object */;
}
